
Microsoft Visual Studio Solution File, Format Version 12.00
# Visual Studio Version 16
VisualStudioVersion = 16.0.29403.142
MinimumVisualStudioVersion = 10.0.40219.1
Project("{8BC9CEB8-8B4A-11D0-8D11-00A0C91BC942}") = "Game", "Game\Game.vcxproj", "{FFCA512B-49FC-4FC8-8A73-C4F87D322FF2}"
EndProject
Project("{8BC9CEB8-8B4A-11D0-8D11-00A0C91BC942}") = "RawEngine", "RawEngine\Engine.vcxproj", "{A0EF34DF-6DE4-474C-B904-E0FE434B24DD}"
EndProject
Project("{8BC9CEB8-8B4A-11D0-8D11-00A0C91BC942}") = "MapCreator", "MapCreator\MapCreator.vcxproj", "{D863F8B8-ABBF-44CE-87D8-187E9D66B004}"
EndProject
Project("{8BC9CEB8-8B4A-11D0-8D11-00A0C91BC942}") = "TestThings", "TestThings\TestThings.vcxproj", "{7ADFB9EC-E7D9-47CE-B667-F69927B1DE12}"
EndProject
Global
	GlobalSection(SolutionConfigurationPlatforms) = preSolution
		Debug|x64 = Debug|x64
		Debug|x86 = Debug|x86
		Release|x64 = Release|x64
		Release|x86 = Release|x86
	EndGlobalSection
	GlobalSection(ProjectConfigurationPlatforms) = postSolution
		{FFCA512B-49FC-4FC8-8A73-C4F87D322FF2}.Debug|x64.ActiveCfg = Debug|x64
		{FFCA512B-49FC-4FC8-8A73-C4F87D322FF2}.Debug|x64.Build.0 = Debug|x64
		{FFCA512B-49FC-4FC8-8A73-C4F87D322FF2}.Debug|x86.ActiveCfg = Debug|Win32
		{FFCA512B-49FC-4FC8-8A73-C4F87D322FF2}.Debug|x86.Build.0 = Debug|Win32
		{FFCA512B-49FC-4FC8-8A73-C4F87D322FF2}.Release|x64.ActiveCfg = Release|x64
		{FFCA512B-49FC-4FC8-8A73-C4F87D322FF2}.Release|x64.Build.0 = Release|x64
		{FFCA512B-49FC-4FC8-8A73-C4F87D322FF2}.Release|x86.ActiveCfg = Release|Win32
		{FFCA512B-49FC-4FC8-8A73-C4F87D322FF2}.Release|x86.Build.0 = Release|Win32
		{A0EF34DF-6DE4-474C-B904-E0FE434B24DD}.Debug|x64.ActiveCfg = Debug|x64
		{A0EF34DF-6DE4-474C-B904-E0FE434B24DD}.Debug|x64.Build.0 = Debug|x64
		{A0EF34DF-6DE4-474C-B904-E0FE434B24DD}.Debug|x86.ActiveCfg = Debug|Win32
		{A0EF34DF-6DE4-474C-B904-E0FE434B24DD}.Debug|x86.Build.0 = Debug|Win32
		{A0EF34DF-6DE4-474C-B904-E0FE434B24DD}.Release|x64.ActiveCfg = Release|x64
		{A0EF34DF-6DE4-474C-B904-E0FE434B24DD}.Release|x64.Build.0 = Release|x64
		{A0EF34DF-6DE4-474C-B904-E0FE434B24DD}.Release|x86.ActiveCfg = Release|Win32
		{A0EF34DF-6DE4-474C-B904-E0FE434B24DD}.Release|x86.Build.0 = Release|Win32
		{D863F8B8-ABBF-44CE-87D8-187E9D66B004}.Debug|x64.ActiveCfg = Debug|x64
		{D863F8B8-ABBF-44CE-87D8-187E9D66B004}.Debug|x64.Build.0 = Debug|x64
		{D863F8B8-ABBF-44CE-87D8-187E9D66B004}.Debug|x86.ActiveCfg = Debug|Win32
		{D863F8B8-ABBF-44CE-87D8-187E9D66B004}.Debug|x86.Build.0 = Debug|Win32
		{D863F8B8-ABBF-44CE-87D8-187E9D66B004}.Release|x64.ActiveCfg = Release|x64
		{D863F8B8-ABBF-44CE-87D8-187E9D66B004}.Release|x64.Build.0 = Release|x64
		{D863F8B8-ABBF-44CE-87D8-187E9D66B004}.Release|x86.ActiveCfg = Release|Win32
		{D863F8B8-ABBF-44CE-87D8-187E9D66B004}.Release|x86.Build.0 = Release|Win32
		{7ADFB9EC-E7D9-47CE-B667-F69927B1DE12}.Debug|x64.ActiveCfg = Debug|x64
		{7ADFB9EC-E7D9-47CE-B667-F69927B1DE12}.Debug|x64.Build.0 = Debug|x64
		{7ADFB9EC-E7D9-47CE-B667-F69927B1DE12}.Debug|x86.ActiveCfg = Debug|Win32
		{7ADFB9EC-E7D9-47CE-B667-F69927B1DE12}.Debug|x86.Build.0 = Debug|Win32
		{7ADFB9EC-E7D9-47CE-B667-F69927B1DE12}.Release|x64.ActiveCfg = Release|x64
		{7ADFB9EC-E7D9-47CE-B667-F69927B1DE12}.Release|x64.Build.0 = Release|x64
		{7ADFB9EC-E7D9-47CE-B667-F69927B1DE12}.Release|x86.ActiveCfg = Release|Win32
		{7ADFB9EC-E7D9-47CE-B667-F69927B1DE12}.Release|x86.Build.0 = Release|Win32
	EndGlobalSection
	GlobalSection(SolutionProperties) = preSolution
		HideSolutionNode = FALSE
	EndGlobalSection
	GlobalSection(ExtensibilityGlobals) = postSolution
		SolutionGuid = {94DF21F3-F54D-44BF-85A4-77B8813C421B}
	EndGlobalSection
EndGlobal
